
Microsoft Visual Studio Solution File, Format Version 12.00
# Visual Studio Version 16
VisualStudioVersion = 16.0.31702.278
MinimumVisualStudioVersion = 10.0.40219.1
Project("{FAE04EC0-301F-11D3-BF4B-00C04F79EFBC}") = "SR6.API", "SR6.API\SR6.API.csproj", "{795C37DC-6AC9-4B42-B295-5441DE9955F5}"
EndProject
Global
	GlobalSection(SolutionConfigurationPlatforms) = preSolution
		Debug|Any CPU = Debug|Any CPU
		Release|Any CPU = Release|Any CPU
	EndGlobalSection
	GlobalSection(ProjectConfigurationPlatforms) = postSolution
		{795C37DC-6AC9-4B42-B295-5441DE9955F5}.Debug|Any CPU.ActiveCfg = Debug|Any CPU
		{795C37DC-6AC9-4B42-B295-5441DE9955F5}.Debug|Any CPU.Build.0 = Debug|Any CPU
		{795C37DC-6AC9-4B42-B295-5441DE9955F5}.Release|Any CPU.ActiveCfg = Release|Any CPU
		{795C37DC-6AC9-4B42-B295-5441DE9955F5}.Release|Any CPU.Build.0 = Release|Any CPU
	EndGlobalSection
	GlobalSection(SolutionProperties) = preSolution
		HideSolutionNode = FALSE
	EndGlobalSection
	GlobalSection(ExtensibilityGlobals) = postSolution
		SolutionGuid = {F81C2611-C348-4483-ACD2-2BD52B6F71A8}
	EndGlobalSection
EndGlobal
