
Microsoft Visual Studio Solution File, Format Version 12.00
# Visual Studio Version 16
VisualStudioVersion = 16.0.31702.278
MinimumVisualStudioVersion = 10.0.40219.1
Project("{9A19103F-16F7-4668-BE54-9A1E7A4F7556}") = "SR6.API", "SR6.API\SR6.API.csproj", "{795C37DC-6AC9-4B42-B295-5441DE9955F5}"
EndProject
Project("{9A19103F-16F7-4668-BE54-9A1E7A4F7556}") = "SR6.PresentationConsole", "SR6.PresentationConsole\SR6.PresentationConsole.csproj", "{798EE20D-CF1C-48FB-8F4C-00958F34BEED}"
EndProject
Project("{FAE04EC0-301F-11D3-BF4B-00C04F79EFBC}") = "SR6.DataLayer", "SR6.DataLayer\SR6.DataLayer.csproj", "{4B391C82-330F-433C-AC0B-1F8E7680D6AA}"
EndProject
Project("{FAE04EC0-301F-11D3-BF4B-00C04F79EFBC}") = "SR6.PresentationDesktop", "SR6.PresentationDesktop\SR6.PresentationDesktop.csproj", "{BB13EC34-6D9D-499C-8D79-A64845BD0B23}"
EndProject
Global
	GlobalSection(SolutionConfigurationPlatforms) = preSolution
		Debug|Any CPU = Debug|Any CPU
		Release|Any CPU = Release|Any CPU
	EndGlobalSection
	GlobalSection(ProjectConfigurationPlatforms) = postSolution
		{795C37DC-6AC9-4B42-B295-5441DE9955F5}.Debug|Any CPU.ActiveCfg = Debug|Any CPU
		{795C37DC-6AC9-4B42-B295-5441DE9955F5}.Debug|Any CPU.Build.0 = Debug|Any CPU
		{795C37DC-6AC9-4B42-B295-5441DE9955F5}.Release|Any CPU.ActiveCfg = Release|Any CPU
		{795C37DC-6AC9-4B42-B295-5441DE9955F5}.Release|Any CPU.Build.0 = Release|Any CPU
		{798EE20D-CF1C-48FB-8F4C-00958F34BEED}.Debug|Any CPU.ActiveCfg = Debug|Any CPU
		{798EE20D-CF1C-48FB-8F4C-00958F34BEED}.Debug|Any CPU.Build.0 = Debug|Any CPU
		{798EE20D-CF1C-48FB-8F4C-00958F34BEED}.Release|Any CPU.ActiveCfg = Release|Any CPU
		{798EE20D-CF1C-48FB-8F4C-00958F34BEED}.Release|Any CPU.Build.0 = Release|Any CPU
		{4B391C82-330F-433C-AC0B-1F8E7680D6AA}.Debug|Any CPU.ActiveCfg = Debug|Any CPU
		{4B391C82-330F-433C-AC0B-1F8E7680D6AA}.Debug|Any CPU.Build.0 = Debug|Any CPU
		{4B391C82-330F-433C-AC0B-1F8E7680D6AA}.Release|Any CPU.ActiveCfg = Release|Any CPU
		{4B391C82-330F-433C-AC0B-1F8E7680D6AA}.Release|Any CPU.Build.0 = Release|Any CPU
		{BB13EC34-6D9D-499C-8D79-A64845BD0B23}.Debug|Any CPU.ActiveCfg = Debug|Any CPU
		{BB13EC34-6D9D-499C-8D79-A64845BD0B23}.Debug|Any CPU.Build.0 = Debug|Any CPU
		{BB13EC34-6D9D-499C-8D79-A64845BD0B23}.Release|Any CPU.ActiveCfg = Release|Any CPU
		{BB13EC34-6D9D-499C-8D79-A64845BD0B23}.Release|Any CPU.Build.0 = Release|Any CPU
	EndGlobalSection
	GlobalSection(SolutionProperties) = preSolution
		HideSolutionNode = FALSE
	EndGlobalSection
	GlobalSection(ExtensibilityGlobals) = postSolution
		SolutionGuid = {F81C2611-C348-4483-ACD2-2BD52B6F71A8}
	EndGlobalSection
EndGlobal
